
Microsoft Visual Studio Solution File, Format Version 12.00
# Visual Studio Version 16
VisualStudioVersion = 16.0.29418.71
MinimumVisualStudioVersion = 10.0.40219.1
Project("{FAE04EC0-301F-11D3-BF4B-00C04F79EFBC}") = "AbstractFactory", "AbstractFactory\AbstractFactory.csproj", "{8FEC2008-682B-4695-84A0-56B5CBE728C9}"
EndProject
Global
	GlobalSection(SolutionConfigurationPlatforms) = preSolution
		Debug|Any CPU = Debug|Any CPU
		Release|Any CPU = Release|Any CPU
	EndGlobalSection
	GlobalSection(ProjectConfigurationPlatforms) = postSolution
		{8FEC2008-682B-4695-84A0-56B5CBE728C9}.Debug|Any CPU.ActiveCfg = Debug|Any CPU
		{8FEC2008-682B-4695-84A0-56B5CBE728C9}.Debug|Any CPU.Build.0 = Debug|Any CPU
		{8FEC2008-682B-4695-84A0-56B5CBE728C9}.Release|Any CPU.ActiveCfg = Release|Any CPU
		{8FEC2008-682B-4695-84A0-56B5CBE728C9}.Release|Any CPU.Build.0 = Release|Any CPU
	EndGlobalSection
	GlobalSection(SolutionProperties) = preSolution
		HideSolutionNode = FALSE
	EndGlobalSection
	GlobalSection(ExtensibilityGlobals) = postSolution
		SolutionGuid = {7F6B6360-8AD0-4000-9626-82AB160DBECB}
	EndGlobalSection
EndGlobal
